// !$*UTF8*$!
{
	archiveVersion = 1;
	classes = {
	};
	objectVersion = 56;
	objects = {

/* Begin PBXBuildFile section */
		7FC3E2CD2AB5DED400D78CE1 /* ObjectMakerAppApp.swift in Sources */ = {isa = PBXBuildFile; fileRef = 7FC3E2CC2AB5DED400D78CE1 /* ObjectMakerAppApp.swift */; };
		7FC3E2CF2AB5DED400D78CE1 /* ContentView.swift in Sources */ = {isa = PBXBuildFile; fileRef = 7FC3E2CE2AB5DED400D78CE1 /* ContentView.swift */; };
		7FC3E2D12AB5DED900D78CE1 /* Assets.xcassets in Resources */ = {isa = PBXBuildFile; fileRef = 7FC3E2D02AB5DED900D78CE1 /* Assets.xcassets */; };
		7FC3E2D42AB5DED900D78CE1 /* Preview Assets.xcassets in Resources */ = {isa = PBXBuildFile; fileRef = 7FC3E2D32AB5DED900D78CE1 /* Preview Assets.xcassets */; };
		7FC3E2E32AB5E02F00D78CE1 /* RealityKitContent in Frameworks */ = {isa = PBXBuildFile; productRef = 7FC3E2E22AB5E02F00D78CE1 /* RealityKitContent */; };
		7FC3E2E52AB5E02F00D78CE1 /* ObjectMakerVisionApp.swift in Sources */ = {isa = PBXBuildFile; fileRef = 7FC3E2E42AB5E02F00D78CE1 /* ObjectMakerVisionApp.swift */; };
		7FC3E2E72AB5E02F00D78CE1 /* ContentView.swift in Sources */ = {isa = PBXBuildFile; fileRef = 7FC3E2E62AB5E02F00D78CE1 /* ContentView.swift */; };
		7FC3E2E92AB5E03400D78CE1 /* Assets.xcassets in Resources */ = {isa = PBXBuildFile; fileRef = 7FC3E2E82AB5E03400D78CE1 /* Assets.xcassets */; };
		7FC3E2EC2AB5E03400D78CE1 /* Preview Assets.xcassets in Resources */ = {isa = PBXBuildFile; fileRef = 7FC3E2EB2AB5E03400D78CE1 /* Preview Assets.xcassets */; };
		7FC3E2F32AB5E0BB00D78CE1 /* FirebaseFirestore in Frameworks */ = {isa = PBXBuildFile; productRef = 7FC3E2F22AB5E0BB00D78CE1 /* FirebaseFirestore */; };
		7FC3E2F52AB5E0BB00D78CE1 /* FirebaseFirestoreSwift in Frameworks */ = {isa = PBXBuildFile; productRef = 7FC3E2F42AB5E0BB00D78CE1 /* FirebaseFirestoreSwift */; };
		7FC3E2F72AB5E0BB00D78CE1 /* FirebaseStorage in Frameworks */ = {isa = PBXBuildFile; productRef = 7FC3E2F62AB5E0BB00D78CE1 /* FirebaseStorage */; };
		7FC3E2F92AB5E0CE00D78CE1 /* FirebaseFirestore in Frameworks */ = {isa = PBXBuildFile; productRef = 7FC3E2F82AB5E0CE00D78CE1 /* FirebaseFirestore */; };
		7FC3E2FB2AB5E0CE00D78CE1 /* FirebaseFirestoreSwift in Frameworks */ = {isa = PBXBuildFile; productRef = 7FC3E2FA2AB5E0CE00D78CE1 /* FirebaseFirestoreSwift */; };
		7FC3E2FD2AB5E0CE00D78CE1 /* FirebaseStorage in Frameworks */ = {isa = PBXBuildFile; productRef = 7FC3E2FC2AB5E0CE00D78CE1 /* FirebaseStorage */; };
		7FC3E2FF2AB5E1F600D78CE1 /* GoogleService-Info.plist in Resources */ = {isa = PBXBuildFile; fileRef = 7FC3E2FE2AB5E1F600D78CE1 /* GoogleService-Info.plist */; };
		7FC3E3012AB5E23C00D78CE1 /* GoogleService-Info.plist in Resources */ = {isa = PBXBuildFile; fileRef = 7FC3E3002AB5E23C00D78CE1 /* GoogleService-Info.plist */; };
/* End PBXBuildFile section */

/* Begin PBXFileReference section */
		7FC3E2C92AB5DED400D78CE1 /* ObjectMakerApp.app */ = {isa = PBXFileReference; explicitFileType = wrapper.application; includeInIndex = 0; path = ObjectMakerApp.app; sourceTree = BUILT_PRODUCTS_DIR; };
		7FC3E2CC2AB5DED400D78CE1 /* ObjectMakerAppApp.swift */ = {isa = PBXFileReference; lastKnownFileType = sourcecode.swift; path = ObjectMakerAppApp.swift; sourceTree = "<group>"; };
		7FC3E2CE2AB5DED400D78CE1 /* ContentView.swift */ = {isa = PBXFileReference; lastKnownFileType = sourcecode.swift; path = ContentView.swift; sourceTree = "<group>"; };
		7FC3E2D02AB5DED900D78CE1 /* Assets.xcassets */ = {isa = PBXFileReference; lastKnownFileType = folder.assetcatalog; path = Assets.xcassets; sourceTree = "<group>"; };
		7FC3E2D32AB5DED900D78CE1 /* Preview Assets.xcassets */ = {isa = PBXFileReference; lastKnownFileType = folder.assetcatalog; path = "Preview Assets.xcassets"; sourceTree = "<group>"; };
		7FC3E2DE2AB5E02F00D78CE1 /* ObjectMakerVision.app */ = {isa = PBXFileReference; explicitFileType = wrapper.application; includeInIndex = 0; path = ObjectMakerVision.app; sourceTree = BUILT_PRODUCTS_DIR; };
		7FC3E2E12AB5E02F00D78CE1 /* RealityKitContent */ = {isa = PBXFileReference; lastKnownFileType = wrapper; path = RealityKitContent; sourceTree = "<group>"; };
		7FC3E2E42AB5E02F00D78CE1 /* ObjectMakerVisionApp.swift */ = {isa = PBXFileReference; lastKnownFileType = sourcecode.swift; path = ObjectMakerVisionApp.swift; sourceTree = "<group>"; };
		7FC3E2E62AB5E02F00D78CE1 /* ContentView.swift */ = {isa = PBXFileReference; lastKnownFileType = sourcecode.swift; path = ContentView.swift; sourceTree = "<group>"; };
		7FC3E2E82AB5E03400D78CE1 /* Assets.xcassets */ = {isa = PBXFileReference; lastKnownFileType = folder.assetcatalog; path = Assets.xcassets; sourceTree = "<group>"; };
		7FC3E2EB2AB5E03400D78CE1 /* Preview Assets.xcassets */ = {isa = PBXFileReference; lastKnownFileType = folder.assetcatalog; path = "Preview Assets.xcassets"; sourceTree = "<group>"; };
		7FC3E2FE2AB5E1F600D78CE1 /* GoogleService-Info.plist */ = {isa = PBXFileReference; fileEncoding = 4; lastKnownFileType = text.plist.xml; path = "GoogleService-Info.plist"; sourceTree = "<group>"; };
		7FC3E3002AB5E23C00D78CE1 /* GoogleService-Info.plist */ = {isa = PBXFileReference; fileEncoding = 4; lastKnownFileType = text.plist.xml; path = "GoogleService-Info.plist"; sourceTree = "<group>"; };
/* End PBXFileReference section */

/* Begin PBXFrameworksBuildPhase section */
		7FC3E2C62AB5DED400D78CE1 /* Frameworks */ = {
			isa = PBXFrameworksBuildPhase;
			buildActionMask = 2147483647;
			files = (
				7FC3E2F32AB5E0BB00D78CE1 /* FirebaseFirestore in Frameworks */,
				7FC3E2F52AB5E0BB00D78CE1 /* FirebaseFirestoreSwift in Frameworks */,
				7FC3E2F72AB5E0BB00D78CE1 /* FirebaseStorage in Frameworks */,
			);
			runOnlyForDeploymentPostprocessing = 0;
		};
		7FC3E2DB2AB5E02F00D78CE1 /* Frameworks */ = {
			isa = PBXFrameworksBuildPhase;
			buildActionMask = 2147483647;
			files = (
				7FC3E2E32AB5E02F00D78CE1 /* RealityKitContent in Frameworks */,
				7FC3E2FD2AB5E0CE00D78CE1 /* FirebaseStorage in Frameworks */,
				7FC3E2F92AB5E0CE00D78CE1 /* FirebaseFirestore in Frameworks */,
				7FC3E2FB2AB5E0CE00D78CE1 /* FirebaseFirestoreSwift in Frameworks */,
			);
			runOnlyForDeploymentPostprocessing = 0;
		};
/* End PBXFrameworksBuildPhase section */

/* Begin PBXGroup section */
		7FC3E2C02AB5DED400D78CE1 = {
			isa = PBXGroup;
			children = (
				7FC3E2CB2AB5DED400D78CE1 /* ObjectMakerApp */,
				7FC3E2DF2AB5E02F00D78CE1 /* ObjectMakerVision */,
				7FC3E2E02AB5E02F00D78CE1 /* Packages */,
				7FC3E2CA2AB5DED400D78CE1 /* Products */,
				7FC3E2F12AB5E0BB00D78CE1 /* Frameworks */,
			);
			sourceTree = "<group>";
		};
		7FC3E2CA2AB5DED400D78CE1 /* Products */ = {
			isa = PBXGroup;
			children = (
				7FC3E2C92AB5DED400D78CE1 /* ObjectMakerApp.app */,
				7FC3E2DE2AB5E02F00D78CE1 /* ObjectMakerVision.app */,
			);
			name = Products;
			sourceTree = "<group>";
		};
		7FC3E2CB2AB5DED400D78CE1 /* ObjectMakerApp */ = {
			isa = PBXGroup;
			children = (
				7FC3E2CC2AB5DED400D78CE1 /* ObjectMakerAppApp.swift */,
				7FC3E2CE2AB5DED400D78CE1 /* ContentView.swift */,
				7FC3E2D02AB5DED900D78CE1 /* Assets.xcassets */,
				7FC3E2FE2AB5E1F600D78CE1 /* GoogleService-Info.plist */,
				7FC3E2D22AB5DED900D78CE1 /* Preview Content */,
			);
			path = ObjectMakerApp;
			sourceTree = "<group>";
		};
		7FC3E2D22AB5DED900D78CE1 /* Preview Content */ = {
			isa = PBXGroup;
			children = (
				7FC3E2D32AB5DED900D78CE1 /* Preview Assets.xcassets */,
			);
			path = "Preview Content";
			sourceTree = "<group>";
		};
		7FC3E2DF2AB5E02F00D78CE1 /* ObjectMakerVision */ = {
			isa = PBXGroup;
			children = (
				7FC3E2E42AB5E02F00D78CE1 /* ObjectMakerVisionApp.swift */,
				7FC3E2E62AB5E02F00D78CE1 /* ContentView.swift */,
				7FC3E2E82AB5E03400D78CE1 /* Assets.xcassets */,
				7FC3E3002AB5E23C00D78CE1 /* GoogleService-Info.plist */,
				7FC3E2EA2AB5E03400D78CE1 /* Preview Content */,
			);
			path = ObjectMakerVision;
			sourceTree = "<group>";
		};
		7FC3E2E02AB5E02F00D78CE1 /* Packages */ = {
			isa = PBXGroup;
			children = (
				7FC3E2E12AB5E02F00D78CE1 /* RealityKitContent */,
			);
			path = Packages;
			sourceTree = "<group>";
		};
		7FC3E2EA2AB5E03400D78CE1 /* Preview Content */ = {
			isa = PBXGroup;
			children = (
				7FC3E2EB2AB5E03400D78CE1 /* Preview Assets.xcassets */,
			);
			path = "Preview Content";
			sourceTree = "<group>";
		};
		7FC3E2F12AB5E0BB00D78CE1 /* Frameworks */ = {
			isa = PBXGroup;
			children = (
			);
			name = Frameworks;
			sourceTree = "<group>";
		};
/* End PBXGroup section */

/* Begin PBXNativeTarget section */
		7FC3E2C82AB5DED400D78CE1 /* ObjectMakerApp */ = {
			isa = PBXNativeTarget;
			buildConfigurationList = 7FC3E2D72AB5DED900D78CE1 /* Build configuration list for PBXNativeTarget "ObjectMakerApp" */;
			buildPhases = (
				7FC3E2C52AB5DED400D78CE1 /* Sources */,
				7FC3E2C62AB5DED400D78CE1 /* Frameworks */,
				7FC3E2C72AB5DED400D78CE1 /* Resources */,
			);
			buildRules = (
			);
			dependencies = (
			);
			name = ObjectMakerApp;
			packageProductDependencies = (
				7FC3E2F22AB5E0BB00D78CE1 /* FirebaseFirestore */,
				7FC3E2F42AB5E0BB00D78CE1 /* FirebaseFirestoreSwift */,
				7FC3E2F62AB5E0BB00D78CE1 /* FirebaseStorage */,
			);
			productName = ObjectMakerApp;
			productReference = 7FC3E2C92AB5DED400D78CE1 /* ObjectMakerApp.app */;
			productType = "com.apple.product-type.application";
		};
		7FC3E2DD2AB5E02F00D78CE1 /* ObjectMakerVision */ = {
			isa = PBXNativeTarget;
			buildConfigurationList = 7FC3E2ED2AB5E03400D78CE1 /* Build configuration list for PBXNativeTarget "ObjectMakerVision" */;
			buildPhases = (
				7FC3E2DA2AB5E02F00D78CE1 /* Sources */,
				7FC3E2DB2AB5E02F00D78CE1 /* Frameworks */,
				7FC3E2DC2AB5E02F00D78CE1 /* Resources */,
			);
			buildRules = (
			);
			dependencies = (
			);
			name = ObjectMakerVision;
			packageProductDependencies = (
				7FC3E2E22AB5E02F00D78CE1 /* RealityKitContent */,
				7FC3E2F82AB5E0CE00D78CE1 /* FirebaseFirestore */,
				7FC3E2FA2AB5E0CE00D78CE1 /* FirebaseFirestoreSwift */,
				7FC3E2FC2AB5E0CE00D78CE1 /* FirebaseStorage */,
			);
			productName = ObjectMakerVision;
			productReference = 7FC3E2DE2AB5E02F00D78CE1 /* ObjectMakerVision.app */;
			productType = "com.apple.product-type.application";
		};
/* End PBXNativeTarget section */

/* Begin PBXProject section */
		7FC3E2C12AB5DED400D78CE1 /* Project object */ = {
			isa = PBXProject;
			attributes = {
				BuildIndependentTargetsInParallel = 1;
				LastSwiftUpdateCheck = 1500;
				LastUpgradeCheck = 1500;
				TargetAttributes = {
					7FC3E2C82AB5DED400D78CE1 = {
						CreatedOnToolsVersion = 15.0;
					};
					7FC3E2DD2AB5E02F00D78CE1 = {
						CreatedOnToolsVersion = 15.0;
					};
				};
			};
			buildConfigurationList = 7FC3E2C42AB5DED400D78CE1 /* Build configuration list for PBXProject "ObjectMakerApp" */;
			compatibilityVersion = "Xcode 14.0";
			developmentRegion = en;
			hasScannedForEncodings = 0;
			knownRegions = (
				en,
				Base,
			);
			mainGroup = 7FC3E2C02AB5DED400D78CE1;
			packageReferences = (
				7FC3E2F02AB5E08600D78CE1 /* XCRemoteSwiftPackageReference "firebase-ios-sdk" */,
			);
			productRefGroup = 7FC3E2CA2AB5DED400D78CE1 /* Products */;
			projectDirPath = "";
			projectRoot = "";
			targets = (
				7FC3E2C82AB5DED400D78CE1 /* ObjectMakerApp */,
				7FC3E2DD2AB5E02F00D78CE1 /* ObjectMakerVision */,
			);
		};
/* End PBXProject section */

/* Begin PBXResourcesBuildPhase section */
		7FC3E2C72AB5DED400D78CE1 /* Resources */ = {
			isa = PBXResourcesBuildPhase;
			buildActionMask = 2147483647;
			files = (
				7FC3E2D42AB5DED900D78CE1 /* Preview Assets.xcassets in Resources */,
				7FC3E2D12AB5DED900D78CE1 /* Assets.xcassets in Resources */,
				7FC3E2FF2AB5E1F600D78CE1 /* GoogleService-Info.plist in Resources */,
			);
			runOnlyForDeploymentPostprocessing = 0;
		};
		7FC3E2DC2AB5E02F00D78CE1 /* Resources */ = {
			isa = PBXResourcesBuildPhase;
			buildActionMask = 2147483647;
			files = (
				7FC3E2EC2AB5E03400D78CE1 /* Preview Assets.xcassets in Resources */,
				7FC3E2E92AB5E03400D78CE1 /* Assets.xcassets in Resources */,
				7FC3E3012AB5E23C00D78CE1 /* GoogleService-Info.plist in Resources */,
			);
			runOnlyForDeploymentPostprocessing = 0;
		};
/* End PBXResourcesBuildPhase section */

/* Begin PBXSourcesBuildPhase section */
		7FC3E2C52AB5DED400D78CE1 /* Sources */ = {
			isa = PBXSourcesBuildPhase;
			buildActionMask = 2147483647;
			files = (
				7FC3E2CF2AB5DED400D78CE1 /* ContentView.swift in Sources */,
				7FC3E2CD2AB5DED400D78CE1 /* ObjectMakerAppApp.swift in Sources */,
			);
			runOnlyForDeploymentPostprocessing = 0;
		};
		7FC3E2DA2AB5E02F00D78CE1 /* Sources */ = {
			isa = PBXSourcesBuildPhase;
			buildActionMask = 2147483647;
			files = (
				7FC3E2E72AB5E02F00D78CE1 /* ContentView.swift in Sources */,
				7FC3E2E52AB5E02F00D78CE1 /* ObjectMakerVisionApp.swift in Sources */,
			);
			runOnlyForDeploymentPostprocessing = 0;
		};
/* End PBXSourcesBuildPhase section */

/* Begin XCBuildConfiguration section */
		7FC3E2D52AB5DED900D78CE1 /* Debug */ = {
			isa = XCBuildConfiguration;
			buildSettings = {
				ALWAYS_SEARCH_USER_PATHS = NO;
				ASSETCATALOG_COMPILER_GENERATE_SWIFT_ASSET_SYMBOL_EXTENSIONS = YES;
				CLANG_ANALYZER_NONNULL = YES;
				CLANG_ANALYZER_NUMBER_OBJECT_CONVERSION = YES_AGGRESSIVE;
				CLANG_CXX_LANGUAGE_STANDARD = "gnu++20";
				CLANG_ENABLE_MODULES = YES;
				CLANG_ENABLE_OBJC_ARC = YES;
				CLANG_ENABLE_OBJC_WEAK = YES;
				CLANG_WARN_BLOCK_CAPTURE_AUTORELEASING = YES;
				CLANG_WARN_BOOL_CONVERSION = YES;
				CLANG_WARN_COMMA = YES;
				CLANG_WARN_CONSTANT_CONVERSION = YES;
				CLANG_WARN_DEPRECATED_OBJC_IMPLEMENTATIONS = YES;
				CLANG_WARN_DIRECT_OBJC_ISA_USAGE = YES_ERROR;
				CLANG_WARN_DOCUMENTATION_COMMENTS = YES;
				CLANG_WARN_EMPTY_BODY = YES;
				CLANG_WARN_ENUM_CONVERSION = YES;
				CLANG_WARN_INFINITE_RECURSION = YES;
				CLANG_WARN_INT_CONVERSION = YES;
				CLANG_WARN_NON_LITERAL_NULL_CONVERSION = YES;
				CLANG_WARN_OBJC_IMPLICIT_RETAIN_SELF = YES;
				CLANG_WARN_OBJC_LITERAL_CONVERSION = YES;
				CLANG_WARN_OBJC_ROOT_CLASS = YES_ERROR;
				CLANG_WARN_QUOTED_INCLUDE_IN_FRAMEWORK_HEADER = YES;
				CLANG_WARN_RANGE_LOOP_ANALYSIS = YES;
				CLANG_WARN_STRICT_PROTOTYPES = YES;
				CLANG_WARN_SUSPICIOUS_MOVE = YES;
				CLANG_WARN_UNGUARDED_AVAILABILITY = YES_AGGRESSIVE;
				CLANG_WARN_UNREACHABLE_CODE = YES;
				CLANG_WARN__DUPLICATE_METHOD_MATCH = YES;
				COPY_PHASE_STRIP = NO;
				DEBUG_INFORMATION_FORMAT = dwarf;
				ENABLE_STRICT_OBJC_MSGSEND = YES;
				ENABLE_TESTABILITY = YES;
				ENABLE_USER_SCRIPT_SANDBOXING = YES;
				GCC_C_LANGUAGE_STANDARD = gnu17;
				GCC_DYNAMIC_NO_PIC = NO;
				GCC_NO_COMMON_BLOCKS = YES;
				GCC_OPTIMIZATION_LEVEL = 0;
				GCC_PREPROCESSOR_DEFINITIONS = (
					"DEBUG=1",
					"$(inherited)",
				);
				GCC_WARN_64_TO_32_BIT_CONVERSION = YES;
				GCC_WARN_ABOUT_RETURN_TYPE = YES_ERROR;
				GCC_WARN_UNDECLARED_SELECTOR = YES;
				GCC_WARN_UNINITIALIZED_AUTOS = YES_AGGRESSIVE;
				GCC_WARN_UNUSED_FUNCTION = YES;
				GCC_WARN_UNUSED_VARIABLE = YES;
				IPHONEOS_DEPLOYMENT_TARGET = 17.0;
				LOCALIZATION_PREFERS_STRING_CATALOGS = YES;
				MTL_ENABLE_DEBUG_INFO = INCLUDE_SOURCE;
				MTL_FAST_MATH = YES;
				ONLY_ACTIVE_ARCH = YES;
				SDKROOT = iphoneos;
				SWIFT_ACTIVE_COMPILATION_CONDITIONS = "DEBUG $(inherited)";
				SWIFT_OPTIMIZATION_LEVEL = "-Onone";
			};
			name = Debug;
		};
		7FC3E2D62AB5DED900D78CE1 /* Release */ = {
			isa = XCBuildConfiguration;
			buildSettings = {
				ALWAYS_SEARCH_USER_PATHS = NO;
				ASSETCATALOG_COMPILER_GENERATE_SWIFT_ASSET_SYMBOL_EXTENSIONS = YES;
				CLANG_ANALYZER_NONNULL = YES;
				CLANG_ANALYZER_NUMBER_OBJECT_CONVERSION = YES_AGGRESSIVE;
				CLANG_CXX_LANGUAGE_STANDARD = "gnu++20";
				CLANG_ENABLE_MODULES = YES;
				CLANG_ENABLE_OBJC_ARC = YES;
				CLANG_ENABLE_OBJC_WEAK = YES;
				CLANG_WARN_BLOCK_CAPTURE_AUTORELEASING = YES;
				CLANG_WARN_BOOL_CONVERSION = YES;
				CLANG_WARN_COMMA = YES;
				CLANG_WARN_CONSTANT_CONVERSION = YES;
				CLANG_WARN_DEPRECATED_OBJC_IMPLEMENTATIONS = YES;
				CLANG_WARN_DIRECT_OBJC_ISA_USAGE = YES_ERROR;
				CLANG_WARN_DOCUMENTATION_COMMENTS = YES;
				CLANG_WARN_EMPTY_BODY = YES;
				CLANG_WARN_ENUM_CONVERSION = YES;
				CLANG_WARN_INFINITE_RECURSION = YES;
				CLANG_WARN_INT_CONVERSION = YES;
				CLANG_WARN_NON_LITERAL_NULL_CONVERSION = YES;
				CLANG_WARN_OBJC_IMPLICIT_RETAIN_SELF = YES;
				CLANG_WARN_OBJC_LITERAL_CONVERSION = YES;
				CLANG_WARN_OBJC_ROOT_CLASS = YES_ERROR;
				CLANG_WARN_QUOTED_INCLUDE_IN_FRAMEWORK_HEADER = YES;
				CLANG_WARN_RANGE_LOOP_ANALYSIS = YES;
				CLANG_WARN_STRICT_PROTOTYPES = YES;
				CLANG_WARN_SUSPICIOUS_MOVE = YES;
				CLANG_WARN_UNGUARDED_AVAILABILITY = YES_AGGRESSIVE;
				CLANG_WARN_UNREACHABLE_CODE = YES;
				CLANG_WARN__DUPLICATE_METHOD_MATCH = YES;
				COPY_PHASE_STRIP = NO;
				DEBUG_INFORMATION_FORMAT = "dwarf-with-dsym";
				ENABLE_NS_ASSERTIONS = NO;
				ENABLE_STRICT_OBJC_MSGSEND = YES;
				ENABLE_USER_SCRIPT_SANDBOXING = YES;
				GCC_C_LANGUAGE_STANDARD = gnu17;
				GCC_NO_COMMON_BLOCKS = YES;
				GCC_WARN_64_TO_32_BIT_CONVERSION = YES;
				GCC_WARN_ABOUT_RETURN_TYPE = YES_ERROR;
				GCC_WARN_UNDECLARED_SELECTOR = YES;
				GCC_WARN_UNINITIALIZED_AUTOS = YES_AGGRESSIVE;
				GCC_WARN_UNUSED_FUNCTION = YES;
				GCC_WARN_UNUSED_VARIABLE = YES;
				IPHONEOS_DEPLOYMENT_TARGET = 17.0;
				LOCALIZATION_PREFERS_STRING_CATALOGS = YES;
				MTL_ENABLE_DEBUG_INFO = NO;
				MTL_FAST_MATH = YES;
				SDKROOT = iphoneos;
				SWIFT_COMPILATION_MODE = wholemodule;
				VALIDATE_PRODUCT = YES;
			};
			name = Release;
		};
		7FC3E2D82AB5DED900D78CE1 /* Debug */ = {
			isa = XCBuildConfiguration;
			buildSettings = {
				ASSETCATALOG_COMPILER_APPICON_NAME = AppIcon;
				ASSETCATALOG_COMPILER_GLOBAL_ACCENT_COLOR_NAME = AccentColor;
				CODE_SIGN_STYLE = Automatic;
				CURRENT_PROJECT_VERSION = 1;
				DEVELOPMENT_ASSET_PATHS = "\"ObjectMakerApp/Preview Content\"";
				DEVELOPMENT_TEAM = 44SQBVTPVY;
				ENABLE_PREVIEWS = YES;
				GENERATE_INFOPLIST_FILE = YES;
				INFOPLIST_KEY_UIApplicationSceneManifest_Generation = YES;
				INFOPLIST_KEY_UIApplicationSupportsIndirectInputEvents = YES;
				INFOPLIST_KEY_UILaunchScreen_Generation = YES;
				INFOPLIST_KEY_UISupportedInterfaceOrientations_iPad = "UIInterfaceOrientationPortrait UIInterfaceOrientationPortraitUpsideDown UIInterfaceOrientationLandscapeLeft UIInterfaceOrientationLandscapeRight";
				INFOPLIST_KEY_UISupportedInterfaceOrientations_iPhone = "UIInterfaceOrientationPortrait UIInterfaceOrientationLandscapeLeft UIInterfaceOrientationLandscapeRight";
				LD_RUNPATH_SEARCH_PATHS = (
					"$(inherited)",
					"@executable_path/Frameworks",
				);
				MARKETING_VERSION = 1.0;
				PRODUCT_BUNDLE_IDENTIFIER = com.naorandd.ObjectMakerApp;
				PRODUCT_NAME = "$(TARGET_NAME)";
				SUPPORTED_PLATFORMS = "iphoneos iphonesimulator";
				SUPPORTS_MACCATALYST = NO;
				SUPPORTS_MAC_DESIGNED_FOR_IPHONE_IPAD = NO;
				SWIFT_EMIT_LOC_STRINGS = YES;
				SWIFT_VERSION = 5.0;
				TARGETED_DEVICE_FAMILY = 1;
			};
			name = Debug;
		};
		7FC3E2D92AB5DED900D78CE1 /* Release */ = {
			isa = XCBuildConfiguration;
			buildSettings = {
				ASSETCATALOG_COMPILER_APPICON_NAME = AppIcon;
				ASSETCATALOG_COMPILER_GLOBAL_ACCENT_COLOR_NAME = AccentColor;
				CODE_SIGN_STYLE = Automatic;
				CURRENT_PROJECT_VERSION = 1;
				DEVELOPMENT_ASSET_PATHS = "\"ObjectMakerApp/Preview Content\"";
				DEVELOPMENT_TEAM = 44SQBVTPVY;
				ENABLE_PREVIEWS = YES;
				GENERATE_INFOPLIST_FILE = YES;
				INFOPLIST_KEY_UIApplicationSceneManifest_Generation = YES;
				INFOPLIST_KEY_UIApplicationSupportsIndirectInputEvents = YES;
				INFOPLIST_KEY_UILaunchScreen_Generation = YES;
				INFOPLIST_KEY_UISupportedInterfaceOrientations_iPad = "UIInterfaceOrientationPortrait UIInterfaceOrientationPortraitUpsideDown UIInterfaceOrientationLandscapeLeft UIInterfaceOrientationLandscapeRight";
				INFOPLIST_KEY_UISupportedInterfaceOrientations_iPhone = "UIInterfaceOrientationPortrait UIInterfaceOrientationLandscapeLeft UIInterfaceOrientationLandscapeRight";
				LD_RUNPATH_SEARCH_PATHS = (
					"$(inherited)",
					"@executable_path/Frameworks",
				);
				MARKETING_VERSION = 1.0;
				PRODUCT_BUNDLE_IDENTIFIER = com.naorandd.ObjectMakerApp;
				PRODUCT_NAME = "$(TARGET_NAME)";
				SUPPORTED_PLATFORMS = "iphoneos iphonesimulator";
				SUPPORTS_MACCATALYST = NO;
				SUPPORTS_MAC_DESIGNED_FOR_IPHONE_IPAD = NO;
				SWIFT_EMIT_LOC_STRINGS = YES;
				SWIFT_VERSION = 5.0;
				TARGETED_DEVICE_FAMILY = 1;
			};
			name = Release;
		};
		7FC3E2EE2AB5E03400D78CE1 /* Debug */ = {
			isa = XCBuildConfiguration;
			buildSettings = {
				ASSETCATALOG_COMPILER_APPICON_NAME = AppIcon;
				ASSETCATALOG_COMPILER_GLOBAL_ACCENT_COLOR_NAME = AccentColor;
				CODE_SIGN_STYLE = Automatic;
				CURRENT_PROJECT_VERSION = 1;
				DEVELOPMENT_ASSET_PATHS = "\"ObjectMakerVision/Preview Content\"";
				DEVELOPMENT_TEAM = 44SQBVTPVY;
				ENABLE_PREVIEWS = YES;
				GENERATE_INFOPLIST_FILE = YES;
				INFOPLIST_KEY_UIApplicationSceneManifest_Generation = YES;
				LD_RUNPATH_SEARCH_PATHS = (
					"$(inherited)",
					"@executable_path/Frameworks",
				);
				MARKETING_VERSION = 1.0;
				PRODUCT_BUNDLE_IDENTIFIER = com.naorandd.ObjectMakerVision;
				PRODUCT_NAME = "$(TARGET_NAME)";
				SDKROOT = xros;
				SUPPORTED_PLATFORMS = "xros xrsimulator";
				SWIFT_EMIT_LOC_STRINGS = YES;
				SWIFT_VERSION = 5.0;
				TARGETED_DEVICE_FAMILY = "1,2,7";
				XROS_DEPLOYMENT_TARGET = 1.0;
			};
			name = Debug;
		};
		7FC3E2EF2AB5E03400D78CE1 /* Release */ = {
			isa = XCBuildConfiguration;
			buildSettings = {
				ASSETCATALOG_COMPILER_APPICON_NAME = AppIcon;
				ASSETCATALOG_COMPILER_GLOBAL_ACCENT_COLOR_NAME = AccentColor;
				CODE_SIGN_STYLE = Automatic;
				CURRENT_PROJECT_VERSION = 1;
				DEVELOPMENT_ASSET_PATHS = "\"ObjectMakerVision/Preview Content\"";
				DEVELOPMENT_TEAM = 44SQBVTPVY;
				ENABLE_PREVIEWS = YES;
				GENERATE_INFOPLIST_FILE = YES;
				INFOPLIST_KEY_UIApplicationSceneManifest_Generation = YES;
				LD_RUNPATH_SEARCH_PATHS = (
					"$(inherited)",
					"@executable_path/Frameworks",
				);
				MARKETING_VERSION = 1.0;
				PRODUCT_BUNDLE_IDENTIFIER = com.naorandd.ObjectMakerVision;
				PRODUCT_NAME = "$(TARGET_NAME)";
				SDKROOT = xros;
				SUPPORTED_PLATFORMS = "xros xrsimulator";
				SWIFT_EMIT_LOC_STRINGS = YES;
				SWIFT_VERSION = 5.0;
				TARGETED_DEVICE_FAMILY = "1,2,7";
				XROS_DEPLOYMENT_TARGET = 1.0;
			};
			name = Release;
		};
/* End XCBuildConfiguration section */

/* Begin XCConfigurationList section */
		7FC3E2C42AB5DED400D78CE1 /* Build configuration list for PBXProject "ObjectMakerApp" */ = {
			isa = XCConfigurationList;
			buildConfigurations = (
				7FC3E2D52AB5DED900D78CE1 /* Debug */,
				7FC3E2D62AB5DED900D78CE1 /* Release */,
			);
			defaultConfigurationIsVisible = 0;
			defaultConfigurationName = Release;
		};
		7FC3E2D72AB5DED900D78CE1 /* Build configuration list for PBXNativeTarget "ObjectMakerApp" */ = {
			isa = XCConfigurationList;
			buildConfigurations = (
				7FC3E2D82AB5DED900D78CE1 /* Debug */,
				7FC3E2D92AB5DED900D78CE1 /* Release */,
			);
			defaultConfigurationIsVisible = 0;
			defaultConfigurationName = Release;
		};
		7FC3E2ED2AB5E03400D78CE1 /* Build configuration list for PBXNativeTarget "ObjectMakerVision" */ = {
			isa = XCConfigurationList;
			buildConfigurations = (
				7FC3E2EE2AB5E03400D78CE1 /* Debug */,
				7FC3E2EF2AB5E03400D78CE1 /* Release */,
			);
			defaultConfigurationIsVisible = 0;
			defaultConfigurationName = Release;
		};
/* End XCConfigurationList section */

/* Begin XCRemoteSwiftPackageReference section */
		7FC3E2F02AB5E08600D78CE1 /* XCRemoteSwiftPackageReference "firebase-ios-sdk" */ = {
			isa = XCRemoteSwiftPackageReference;
			repositoryURL = "https://github.com/firebase/firebase-ios-sdk.git";
			requirement = {
				kind = upToNextMajorVersion;
				minimumVersion = 10.15.0;
			};
		};
/* End XCRemoteSwiftPackageReference section */

/* Begin XCSwiftPackageProductDependency section */
		7FC3E2E22AB5E02F00D78CE1 /* RealityKitContent */ = {
			isa = XCSwiftPackageProductDependency;
			productName = RealityKitContent;
		};
		7FC3E2F22AB5E0BB00D78CE1 /* FirebaseFirestore */ = {
			isa = XCSwiftPackageProductDependency;
			package = 7FC3E2F02AB5E08600D78CE1 /* XCRemoteSwiftPackageReference "firebase-ios-sdk" */;
			productName = FirebaseFirestore;
		};
		7FC3E2F42AB5E0BB00D78CE1 /* FirebaseFirestoreSwift */ = {
			isa = XCSwiftPackageProductDependency;
			package = 7FC3E2F02AB5E08600D78CE1 /* XCRemoteSwiftPackageReference "firebase-ios-sdk" */;
			productName = FirebaseFirestoreSwift;
		};
		7FC3E2F62AB5E0BB00D78CE1 /* FirebaseStorage */ = {
			isa = XCSwiftPackageProductDependency;
			package = 7FC3E2F02AB5E08600D78CE1 /* XCRemoteSwiftPackageReference "firebase-ios-sdk" */;
			productName = FirebaseStorage;
		};
		7FC3E2F82AB5E0CE00D78CE1 /* FirebaseFirestore */ = {
			isa = XCSwiftPackageProductDependency;
			package = 7FC3E2F02AB5E08600D78CE1 /* XCRemoteSwiftPackageReference "firebase-ios-sdk" */;
			productName = FirebaseFirestore;
		};
		7FC3E2FA2AB5E0CE00D78CE1 /* FirebaseFirestoreSwift */ = {
			isa = XCSwiftPackageProductDependency;
			package = 7FC3E2F02AB5E08600D78CE1 /* XCRemoteSwiftPackageReference "firebase-ios-sdk" */;
			productName = FirebaseFirestoreSwift;
		};
		7FC3E2FC2AB5E0CE00D78CE1 /* FirebaseStorage */ = {
			isa = XCSwiftPackageProductDependency;
			package = 7FC3E2F02AB5E08600D78CE1 /* XCRemoteSwiftPackageReference "firebase-ios-sdk" */;
			productName = FirebaseStorage;
		};
/* End XCSwiftPackageProductDependency section */
	};
	rootObject = 7FC3E2C12AB5DED400D78CE1 /* Project object */;
}
